
Microsoft Visual Studio Solution File, Format Version 12.00
# Visual Studio Version 17
VisualStudioVersion = 17.4.33213.308
MinimumVisualStudioVersion = 10.0.40219.1
Project("{9A19103F-16F7-4668-BE54-9A1E7A4F7556}") = "AM.Core.Domain", "AM.Core.Domain\AM.Core.Domain.csproj", "{7D1C815A-0D21-435A-ACE7-FD1DFDAFDDD9}"
EndProject
Project("{9A19103F-16F7-4668-BE54-9A1E7A4F7556}") = "AM.UI.Console", "AM.UI.Console\AM.UI.Console.csproj", "{4857D1BB-C1C4-4E78-9F90-6523D4B61FD5}"
EndProject
Project("{9A19103F-16F7-4668-BE54-9A1E7A4F7556}") = "AM.Core.Services", "AM.Core.Services\AM.Core.Services.csproj", "{AB6FA6B3-FE44-4813-B626-63B55C178F56}"
EndProject
Project("{9A19103F-16F7-4668-BE54-9A1E7A4F7556}") = "AM.Core.Extensions", "AM.Core.Extensions\AM.Core.Extensions.csproj", "{FA38C13E-F72B-44BE-8CCE-8B0A56730014}"
EndProject
Project("{9A19103F-16F7-4668-BE54-9A1E7A4F7556}") = "AM.Data", "AM.Data\AM.Data.csproj", "{714A43D2-625E-431B-9165-7D8F183C217B}"
EndProject
Project("{FAE04EC0-301F-11D3-BF4B-00C04F79EFBC}") = "AM.Core.Interfaces", "AM.Core.Interfaces\AM.Core.Interfaces.csproj", "{10F010AE-1662-4953-B117-5D2F8DFB0CAD}"
EndProject
Global
	GlobalSection(SolutionConfigurationPlatforms) = preSolution
		Debug|Any CPU = Debug|Any CPU
		Release|Any CPU = Release|Any CPU
	EndGlobalSection
	GlobalSection(ProjectConfigurationPlatforms) = postSolution
		{7D1C815A-0D21-435A-ACE7-FD1DFDAFDDD9}.Debug|Any CPU.ActiveCfg = Debug|Any CPU
		{7D1C815A-0D21-435A-ACE7-FD1DFDAFDDD9}.Debug|Any CPU.Build.0 = Debug|Any CPU
		{7D1C815A-0D21-435A-ACE7-FD1DFDAFDDD9}.Release|Any CPU.ActiveCfg = Release|Any CPU
		{7D1C815A-0D21-435A-ACE7-FD1DFDAFDDD9}.Release|Any CPU.Build.0 = Release|Any CPU
		{4857D1BB-C1C4-4E78-9F90-6523D4B61FD5}.Debug|Any CPU.ActiveCfg = Debug|Any CPU
		{4857D1BB-C1C4-4E78-9F90-6523D4B61FD5}.Debug|Any CPU.Build.0 = Debug|Any CPU
		{4857D1BB-C1C4-4E78-9F90-6523D4B61FD5}.Release|Any CPU.ActiveCfg = Release|Any CPU
		{4857D1BB-C1C4-4E78-9F90-6523D4B61FD5}.Release|Any CPU.Build.0 = Release|Any CPU
		{AB6FA6B3-FE44-4813-B626-63B55C178F56}.Debug|Any CPU.ActiveCfg = Debug|Any CPU
		{AB6FA6B3-FE44-4813-B626-63B55C178F56}.Debug|Any CPU.Build.0 = Debug|Any CPU
		{AB6FA6B3-FE44-4813-B626-63B55C178F56}.Release|Any CPU.ActiveCfg = Release|Any CPU
		{AB6FA6B3-FE44-4813-B626-63B55C178F56}.Release|Any CPU.Build.0 = Release|Any CPU
		{FA38C13E-F72B-44BE-8CCE-8B0A56730014}.Debug|Any CPU.ActiveCfg = Debug|Any CPU
		{FA38C13E-F72B-44BE-8CCE-8B0A56730014}.Debug|Any CPU.Build.0 = Debug|Any CPU
		{FA38C13E-F72B-44BE-8CCE-8B0A56730014}.Release|Any CPU.ActiveCfg = Release|Any CPU
		{FA38C13E-F72B-44BE-8CCE-8B0A56730014}.Release|Any CPU.Build.0 = Release|Any CPU
		{714A43D2-625E-431B-9165-7D8F183C217B}.Debug|Any CPU.ActiveCfg = Debug|Any CPU
		{714A43D2-625E-431B-9165-7D8F183C217B}.Debug|Any CPU.Build.0 = Debug|Any CPU
		{714A43D2-625E-431B-9165-7D8F183C217B}.Release|Any CPU.ActiveCfg = Release|Any CPU
		{714A43D2-625E-431B-9165-7D8F183C217B}.Release|Any CPU.Build.0 = Release|Any CPU
		{10F010AE-1662-4953-B117-5D2F8DFB0CAD}.Debug|Any CPU.ActiveCfg = Debug|Any CPU
		{10F010AE-1662-4953-B117-5D2F8DFB0CAD}.Debug|Any CPU.Build.0 = Debug|Any CPU
		{10F010AE-1662-4953-B117-5D2F8DFB0CAD}.Release|Any CPU.ActiveCfg = Release|Any CPU
		{10F010AE-1662-4953-B117-5D2F8DFB0CAD}.Release|Any CPU.Build.0 = Release|Any CPU
	EndGlobalSection
	GlobalSection(SolutionProperties) = preSolution
		HideSolutionNode = FALSE
	EndGlobalSection
	GlobalSection(ExtensibilityGlobals) = postSolution
		SolutionGuid = {FAFFD5A9-4C10-41EC-9B95-6354DF6DC622}
	EndGlobalSection
EndGlobal
